// !$*UTF8*$!
{
	archiveVersion = 1;
	classes = {
	};
	objectVersion = 46;
	objects = {

/* Begin PBXBuildFile section */
		026AC6A718864616007EB6F1 /* XCTest.framework in Frameworks */ = {isa = PBXBuildFile; fileRef = 026AC6A618864616007EB6F1 /* XCTest.framework */; };
		026AC6AD18864616007EB6F1 /* InfoPlist.strings in Resources */ = {isa = PBXBuildFile; fileRef = 026AC6AB18864616007EB6F1 /* InfoPlist.strings */; };
		026AC6C418864AEF007EB6F1 /* BinaryTreeTests.m in Sources */ = {isa = PBXBuildFile; fileRef = 026AC6C318864AEF007EB6F1 /* BinaryTreeTests.m */; };
		02C3A8511800C64A00E86DAF /* main.c in Sources */ = {isa = PBXBuildFile; fileRef = 02C3A8501800C64A00E86DAF /* main.c */; };
		02C3A8531800C64A00E86DAF /* CTestArena.1 in CopyFiles */ = {isa = PBXBuildFile; fileRef = 02C3A8521800C64A00E86DAF /* CTestArena.1 */; };
		02C3A85D1800CA3800E86DAF /* binary_tree.c in Sources */ = {isa = PBXBuildFile; fileRef = 02C3A85C1800CA3800E86DAF /* binary_tree.c */; };
/* End PBXBuildFile section */

/* Begin PBXContainerItemProxy section */
		026AC6B118864616007EB6F1 /* PBXContainerItemProxy */ = {
			isa = PBXContainerItemProxy;
			containerPortal = 02C3A8451800C64A00E86DAF /* Project object */;
			proxyType = 1;
			remoteGlobalIDString = 02C3A84C1800C64A00E86DAF;
			remoteInfo = CTestArena;
		};
/* End PBXContainerItemProxy section */

/* Begin PBXCopyFilesBuildPhase section */
		02C3A84B1800C64A00E86DAF /* CopyFiles */ = {
			isa = PBXCopyFilesBuildPhase;
			buildActionMask = 2147483647;
			dstPath = /usr/share/man/man1/;
			dstSubfolderSpec = 0;
			files = (
				02C3A8531800C64A00E86DAF /* CTestArena.1 in CopyFiles */,
			);
			runOnlyForDeploymentPostprocessing = 1;
		};
/* End PBXCopyFilesBuildPhase section */

/* Begin PBXFileReference section */
		026AC6A418864616007EB6F1 /* CTestArenaTests.xctest */ = {isa = PBXFileReference; explicitFileType = wrapper.cfbundle; includeInIndex = 0; path = CTestArenaTests.xctest; sourceTree = BUILT_PRODUCTS_DIR; };
		026AC6A618864616007EB6F1 /* XCTest.framework */ = {isa = PBXFileReference; lastKnownFileType = wrapper.framework; name = XCTest.framework; path = Library/Frameworks/XCTest.framework; sourceTree = DEVELOPER_DIR; };
		026AC6AA18864616007EB6F1 /* CTestArenaTests-Info.plist */ = {isa = PBXFileReference; lastKnownFileType = text.plist.xml; path = "CTestArenaTests-Info.plist"; sourceTree = "<group>"; };
		026AC6AC18864616007EB6F1 /* en */ = {isa = PBXFileReference; lastKnownFileType = text.plist.strings; name = en; path = en.lproj/InfoPlist.strings; sourceTree = "<group>"; };
		026AC6B018864616007EB6F1 /* CTestArenaTests-Prefix.pch */ = {isa = PBXFileReference; lastKnownFileType = sourcecode.c.h; path = "CTestArenaTests-Prefix.pch"; sourceTree = "<group>"; };
		026AC6C318864AEF007EB6F1 /* BinaryTreeTests.m */ = {isa = PBXFileReference; fileEncoding = 4; lastKnownFileType = sourcecode.c.objc; path = BinaryTreeTests.m; sourceTree = "<group>"; };
		02C3A84D1800C64A00E86DAF /* CTestArena */ = {isa = PBXFileReference; explicitFileType = "compiled.mach-o.executable"; includeInIndex = 0; path = CTestArena; sourceTree = BUILT_PRODUCTS_DIR; };
		02C3A8501800C64A00E86DAF /* main.c */ = {isa = PBXFileReference; lastKnownFileType = sourcecode.c.c; path = main.c; sourceTree = "<group>"; };
		02C3A8521800C64A00E86DAF /* CTestArena.1 */ = {isa = PBXFileReference; lastKnownFileType = text.man; path = CTestArena.1; sourceTree = "<group>"; };
		02C3A85B1800CA2800E86DAF /* binary_tree.h */ = {isa = PBXFileReference; lastKnownFileType = sourcecode.c.h; lineEnding = 0; path = binary_tree.h; sourceTree = "<group>"; xcLanguageSpecificationIdentifier = xcode.lang.objcpp; };
		02C3A85C1800CA3800E86DAF /* binary_tree.c */ = {isa = PBXFileReference; fileEncoding = 4; lastKnownFileType = sourcecode.c.c; lineEnding = 0; path = binary_tree.c; sourceTree = "<group>"; xcLanguageSpecificationIdentifier = xcode.lang.c; };
/* End PBXFileReference section */

/* Begin PBXFrameworksBuildPhase section */
		026AC6A118864616007EB6F1 /* Frameworks */ = {
			isa = PBXFrameworksBuildPhase;
			buildActionMask = 2147483647;
			files = (
				026AC6A718864616007EB6F1 /* XCTest.framework in Frameworks */,
			);
			runOnlyForDeploymentPostprocessing = 0;
		};
		02C3A84A1800C64A00E86DAF /* Frameworks */ = {
			isa = PBXFrameworksBuildPhase;
			buildActionMask = 2147483647;
			files = (
			);
			runOnlyForDeploymentPostprocessing = 0;
		};
/* End PBXFrameworksBuildPhase section */

/* Begin PBXGroup section */
		026AC6A518864616007EB6F1 /* Frameworks */ = {
			isa = PBXGroup;
			children = (
				026AC6A618864616007EB6F1 /* XCTest.framework */,
			);
			name = Frameworks;
			sourceTree = "<group>";
		};
		026AC6A818864616007EB6F1 /* CTestArenaTests */ = {
			isa = PBXGroup;
			children = (
				026AC6C018864AD2007EB6F1 /* Modules */,
				026AC6A918864616007EB6F1 /* Supporting Files */,
			);
			path = CTestArenaTests;
			sourceTree = "<group>";
		};
		026AC6A918864616007EB6F1 /* Supporting Files */ = {
			isa = PBXGroup;
			children = (
				026AC6AA18864616007EB6F1 /* CTestArenaTests-Info.plist */,
				026AC6AB18864616007EB6F1 /* InfoPlist.strings */,
				026AC6B018864616007EB6F1 /* CTestArenaTests-Prefix.pch */,
			);
			name = "Supporting Files";
			sourceTree = "<group>";
		};
		026AC6C018864AD2007EB6F1 /* Modules */ = {
			isa = PBXGroup;
			children = (
				026AC6C318864AEF007EB6F1 /* BinaryTreeTests.m */,
			);
			path = Modules;
			sourceTree = "<group>";
		};
		02C3A8441800C64A00E86DAF = {
			isa = PBXGroup;
			children = (
				02C3A84F1800C64A00E86DAF /* CTestArena */,
				026AC6A818864616007EB6F1 /* CTestArenaTests */,
				026AC6A518864616007EB6F1 /* Frameworks */,
				02C3A84E1800C64A00E86DAF /* Products */,
			);
			sourceTree = "<group>";
		};
		02C3A84E1800C64A00E86DAF /* Products */ = {
			isa = PBXGroup;
			children = (
				02C3A84D1800C64A00E86DAF /* CTestArena */,
				026AC6A418864616007EB6F1 /* CTestArenaTests.xctest */,
			);
			name = Products;
			sourceTree = "<group>";
		};
		02C3A84F1800C64A00E86DAF /* CTestArena */ = {
			isa = PBXGroup;
			children = (
				02C3A8591800CA0D00E86DAF /* Modules */,
				02C3A8501800C64A00E86DAF /* main.c */,
				02C3A8521800C64A00E86DAF /* CTestArena.1 */,
			);
			path = CTestArena;
			sourceTree = "<group>";
		};
		02C3A8591800CA0D00E86DAF /* Modules */ = {
			isa = PBXGroup;
			children = (
				02C3A85B1800CA2800E86DAF /* binary_tree.h */,
				02C3A85C1800CA3800E86DAF /* binary_tree.c */,
			);
			path = Modules;
			sourceTree = "<group>";
		};
/* End PBXGroup section */

/* Begin PBXNativeTarget section */
		026AC6A318864616007EB6F1 /* CTestArenaTests */ = {
			isa = PBXNativeTarget;
			buildConfigurationList = 026AC6B518864616007EB6F1 /* Build configuration list for PBXNativeTarget "CTestArenaTests" */;
			buildPhases = (
				026AC6A018864616007EB6F1 /* Sources */,
				026AC6A118864616007EB6F1 /* Frameworks */,
				026AC6A218864616007EB6F1 /* Resources */,
			);
			buildRules = (
			);
			dependencies = (
				026AC6B218864616007EB6F1 /* PBXTargetDependency */,
			);
			name = CTestArenaTests;
			productName = CTestArenaTests;
			productReference = 026AC6A418864616007EB6F1 /* CTestArenaTests.xctest */;
			productType = "com.apple.product-type.bundle.unit-test";
		};
		02C3A84C1800C64A00E86DAF /* CTestArena */ = {
			isa = PBXNativeTarget;
			buildConfigurationList = 02C3A8561800C64A00E86DAF /* Build configuration list for PBXNativeTarget "CTestArena" */;
			buildPhases = (
				02C3A8491800C64A00E86DAF /* Sources */,
				02C3A84A1800C64A00E86DAF /* Frameworks */,
				02C3A84B1800C64A00E86DAF /* CopyFiles */,
			);
			buildRules = (
			);
			dependencies = (
			);
			name = CTestArena;
			productName = CTestArena;
			productReference = 02C3A84D1800C64A00E86DAF /* CTestArena */;
			productType = "com.apple.product-type.tool";
		};
/* End PBXNativeTarget section */

/* Begin PBXProject section */
		02C3A8451800C64A00E86DAF /* Project object */ = {
			isa = PBXProject;
			attributes = {
				LastUpgradeCheck = 0500;
				ORGANIZATIONNAME = "Monkey Bits";
				TargetAttributes = {
					026AC6A318864616007EB6F1 = {
						TestTargetID = 02C3A84C1800C64A00E86DAF;
					};
				};
			};
			buildConfigurationList = 02C3A8481800C64A00E86DAF /* Build configuration list for PBXProject "CTestArena" */;
			compatibilityVersion = "Xcode 3.2";
			developmentRegion = English;
			hasScannedForEncodings = 0;
			knownRegions = (
				en,
			);
			mainGroup = 02C3A8441800C64A00E86DAF;
			productRefGroup = 02C3A84E1800C64A00E86DAF /* Products */;
			projectDirPath = "";
			projectRoot = "";
			targets = (
				02C3A84C1800C64A00E86DAF /* CTestArena */,
				026AC6A318864616007EB6F1 /* CTestArenaTests */,
			);
		};
/* End PBXProject section */

/* Begin PBXResourcesBuildPhase section */
		026AC6A218864616007EB6F1 /* Resources */ = {
			isa = PBXResourcesBuildPhase;
			buildActionMask = 2147483647;
			files = (
				026AC6AD18864616007EB6F1 /* InfoPlist.strings in Resources */,
			);
			runOnlyForDeploymentPostprocessing = 0;
		};
/* End PBXResourcesBuildPhase section */

/* Begin PBXSourcesBuildPhase section */
		026AC6A018864616007EB6F1 /* Sources */ = {
			isa = PBXSourcesBuildPhase;
			buildActionMask = 2147483647;
			files = (
				026AC6C418864AEF007EB6F1 /* BinaryTreeTests.m in Sources */,
			);
			runOnlyForDeploymentPostprocessing = 0;
		};
		02C3A8491800C64A00E86DAF /* Sources */ = {
			isa = PBXSourcesBuildPhase;
			buildActionMask = 2147483647;
			files = (
				02C3A85D1800CA3800E86DAF /* binary_tree.c in Sources */,
				02C3A8511800C64A00E86DAF /* main.c in Sources */,
			);
			runOnlyForDeploymentPostprocessing = 0;
		};
/* End PBXSourcesBuildPhase section */

/* Begin PBXTargetDependency section */
		026AC6B218864616007EB6F1 /* PBXTargetDependency */ = {
			isa = PBXTargetDependency;
			target = 02C3A84C1800C64A00E86DAF /* CTestArena */;
			targetProxy = 026AC6B118864616007EB6F1 /* PBXContainerItemProxy */;
		};
/* End PBXTargetDependency section */

/* Begin PBXVariantGroup section */
		026AC6AB18864616007EB6F1 /* InfoPlist.strings */ = {
			isa = PBXVariantGroup;
			children = (
				026AC6AC18864616007EB6F1 /* en */,
			);
			name = InfoPlist.strings;
			sourceTree = "<group>";
		};
/* End PBXVariantGroup section */

/* Begin XCBuildConfiguration section */
		026AC6B318864616007EB6F1 /* Debug */ = {
			isa = XCBuildConfiguration;
			buildSettings = {
				FRAMEWORK_SEARCH_PATHS = (
					"$(DEVELOPER_FRAMEWORKS_DIR)",
					"$(inherited)",
				);
				GCC_PRECOMPILE_PREFIX_HEADER = YES;
				GCC_PREFIX_HEADER = "CTestArenaTests/CTestArenaTests-Prefix.pch";
				GCC_PREPROCESSOR_DEFINITIONS = (
					"DEBUG=1",
					"$(inherited)",
				);
				INFOPLIST_FILE = "CTestArenaTests/CTestArenaTests-Info.plist";
				MACOSX_DEPLOYMENT_TARGET = 10.9;
				PRODUCT_NAME = "$(TARGET_NAME)";
				WRAPPER_EXTENSION = xctest;
			};
			name = Debug;
		};
		026AC6B418864616007EB6F1 /* Release */ = {
			isa = XCBuildConfiguration;
			buildSettings = {
				FRAMEWORK_SEARCH_PATHS = (
					"$(DEVELOPER_FRAMEWORKS_DIR)",
					"$(inherited)",
				);
				GCC_PRECOMPILE_PREFIX_HEADER = YES;
				GCC_PREFIX_HEADER = "CTestArenaTests/CTestArenaTests-Prefix.pch";
				INFOPLIST_FILE = "CTestArenaTests/CTestArenaTests-Info.plist";
				MACOSX_DEPLOYMENT_TARGET = 10.9;
				PRODUCT_NAME = "$(TARGET_NAME)";
				WRAPPER_EXTENSION = xctest;
			};
			name = Release;
		};
		02C3A8541800C64A00E86DAF /* Debug */ = {
			isa = XCBuildConfiguration;
			buildSettings = {
				ALWAYS_SEARCH_USER_PATHS = NO;
				CLANG_CXX_LANGUAGE_STANDARD = "gnu++0x";
				CLANG_CXX_LIBRARY = "libc++";
				CLANG_ENABLE_OBJC_ARC = YES;
				CLANG_WARN_BOOL_CONVERSION = YES;
				CLANG_WARN_CONSTANT_CONVERSION = YES;
				CLANG_WARN_DIRECT_OBJC_ISA_USAGE = YES_ERROR;
				CLANG_WARN_EMPTY_BODY = YES;
				CLANG_WARN_ENUM_CONVERSION = YES;
				CLANG_WARN_INT_CONVERSION = YES;
				CLANG_WARN_OBJC_ROOT_CLASS = YES_ERROR;
				CLANG_WARN__DUPLICATE_METHOD_MATCH = YES;
				COPY_PHASE_STRIP = NO;
				GCC_C_LANGUAGE_STANDARD = gnu99;
				GCC_DYNAMIC_NO_PIC = NO;
				GCC_ENABLE_OBJC_EXCEPTIONS = YES;
				GCC_OPTIMIZATION_LEVEL = 0;
				GCC_PREPROCESSOR_DEFINITIONS = (
					"DEBUG=1",
					"$(inherited)",
				);
				GCC_SYMBOLS_PRIVATE_EXTERN = NO;
				GCC_WARN_64_TO_32_BIT_CONVERSION = YES;
				GCC_WARN_ABOUT_RETURN_TYPE = YES_ERROR;
				GCC_WARN_UNDECLARED_SELECTOR = YES;
				GCC_WARN_UNINITIALIZED_AUTOS = YES;
				GCC_WARN_UNUSED_FUNCTION = YES;
				GCC_WARN_UNUSED_VARIABLE = YES;
				MACOSX_DEPLOYMENT_TARGET = 10.8;
				ONLY_ACTIVE_ARCH = YES;
				SDKROOT = macosx;
			};
			name = Debug;
		};
		02C3A8551800C64A00E86DAF /* Release */ = {
			isa = XCBuildConfiguration;
			buildSettings = {
				ALWAYS_SEARCH_USER_PATHS = NO;
				CLANG_CXX_LANGUAGE_STANDARD = "gnu++0x";
				CLANG_CXX_LIBRARY = "libc++";
				CLANG_ENABLE_OBJC_ARC = YES;
				CLANG_WARN_BOOL_CONVERSION = YES;
				CLANG_WARN_CONSTANT_CONVERSION = YES;
				CLANG_WARN_DIRECT_OBJC_ISA_USAGE = YES_ERROR;
				CLANG_WARN_EMPTY_BODY = YES;
				CLANG_WARN_ENUM_CONVERSION = YES;
				CLANG_WARN_INT_CONVERSION = YES;
				CLANG_WARN_OBJC_ROOT_CLASS = YES_ERROR;
				CLANG_WARN__DUPLICATE_METHOD_MATCH = YES;
				COPY_PHASE_STRIP = YES;
				DEBUG_INFORMATION_FORMAT = "dwarf-with-dsym";
				ENABLE_NS_ASSERTIONS = NO;
				GCC_C_LANGUAGE_STANDARD = gnu99;
				GCC_ENABLE_OBJC_EXCEPTIONS = YES;
				GCC_WARN_64_TO_32_BIT_CONVERSION = YES;
				GCC_WARN_ABOUT_RETURN_TYPE = YES_ERROR;
				GCC_WARN_UNDECLARED_SELECTOR = YES;
				GCC_WARN_UNINITIALIZED_AUTOS = YES;
				GCC_WARN_UNUSED_FUNCTION = YES;
				GCC_WARN_UNUSED_VARIABLE = YES;
				MACOSX_DEPLOYMENT_TARGET = 10.8;
				SDKROOT = macosx;
			};
			name = Release;
		};
		02C3A8571800C64A00E86DAF /* Debug */ = {
			isa = XCBuildConfiguration;
			buildSettings = {
				CLANG_CXX_LANGUAGE_STANDARD = "c++0x";
				GCC_C_LANGUAGE_STANDARD = c99;
				PRODUCT_NAME = "$(TARGET_NAME)";
			};
			name = Debug;
		};
		02C3A8581800C64A00E86DAF /* Release */ = {
			isa = XCBuildConfiguration;
			buildSettings = {
				CLANG_CXX_LANGUAGE_STANDARD = "c++0x";
				GCC_C_LANGUAGE_STANDARD = c99;
				PRODUCT_NAME = "$(TARGET_NAME)";
			};
			name = Release;
		};
/* End XCBuildConfiguration section */

/* Begin XCConfigurationList section */
		026AC6B518864616007EB6F1 /* Build configuration list for PBXNativeTarget "CTestArenaTests" */ = {
			isa = XCConfigurationList;
			buildConfigurations = (
				026AC6B318864616007EB6F1 /* Debug */,
				026AC6B418864616007EB6F1 /* Release */,
			);
			defaultConfigurationIsVisible = 0;
		};
		02C3A8481800C64A00E86DAF /* Build configuration list for PBXProject "CTestArena" */ = {
			isa = XCConfigurationList;
			buildConfigurations = (
				02C3A8541800C64A00E86DAF /* Debug */,
				02C3A8551800C64A00E86DAF /* Release */,
			);
			defaultConfigurationIsVisible = 0;
			defaultConfigurationName = Release;
		};
		02C3A8561800C64A00E86DAF /* Build configuration list for PBXNativeTarget "CTestArena" */ = {
			isa = XCConfigurationList;
			buildConfigurations = (
				02C3A8571800C64A00E86DAF /* Debug */,
				02C3A8581800C64A00E86DAF /* Release */,
			);
			defaultConfigurationIsVisible = 0;
			defaultConfigurationName = Release;
		};
/* End XCConfigurationList section */
	};
	rootObject = 02C3A8451800C64A00E86DAF /* Project object */;
}
